
Microsoft Visual Studio Solution File, Format Version 12.00
# Visual Studio Version 16
VisualStudioVersion = 16.0.30517.126
MinimumVisualStudioVersion = 10.0.40219.1
Project("{FAE04EC0-301F-11D3-BF4B-00C04F79EFBC}") = "Uma", "Uma\Uma.csproj", "{73E06FEF-5594-4B47-8A79-F3B463A3A3E1}"
EndProject
Global
	GlobalSection(SolutionConfigurationPlatforms) = preSolution
		Debug|Any CPU = Debug|Any CPU
		Release|Any CPU = Release|Any CPU
	EndGlobalSection
	GlobalSection(ProjectConfigurationPlatforms) = postSolution
		{73E06FEF-5594-4B47-8A79-F3B463A3A3E1}.Debug|Any CPU.ActiveCfg = Debug|Any CPU
		{73E06FEF-5594-4B47-8A79-F3B463A3A3E1}.Debug|Any CPU.Build.0 = Debug|Any CPU
		{73E06FEF-5594-4B47-8A79-F3B463A3A3E1}.Release|Any CPU.ActiveCfg = Release|Any CPU
		{73E06FEF-5594-4B47-8A79-F3B463A3A3E1}.Release|Any CPU.Build.0 = Release|Any CPU
	EndGlobalSection
	GlobalSection(SolutionProperties) = preSolution
		HideSolutionNode = FALSE
	EndGlobalSection
	GlobalSection(ExtensibilityGlobals) = postSolution
		SolutionGuid = {DBF4FC3E-81C3-4CFA-99C0-E2D008811317}
	EndGlobalSection
EndGlobal
